
Microsoft Visual Studio Solution File, Format Version 12.00
# Visual Studio Version 17
VisualStudioVersion = 17.3.32825.248
MinimumVisualStudioVersion = 10.0.40219.1
Project("{FAE04EC0-301F-11D3-BF4B-00C04F79EFBC}") = "Lab_Wawa_App-TirthPatel", "Lab_Wawa_App-TirthPatel\Lab_Wawa_App-TirthPatel.csproj", "{EBA056FB-B670-4028-994C-CD5738B3D713}"
EndProject
Global
	GlobalSection(SolutionConfigurationPlatforms) = preSolution
		Debug|Any CPU = Debug|Any CPU
		Release|Any CPU = Release|Any CPU
	EndGlobalSection
	GlobalSection(ProjectConfigurationPlatforms) = postSolution
		{EBA056FB-B670-4028-994C-CD5738B3D713}.Debug|Any CPU.ActiveCfg = Debug|Any CPU
		{EBA056FB-B670-4028-994C-CD5738B3D713}.Debug|Any CPU.Build.0 = Debug|Any CPU
		{EBA056FB-B670-4028-994C-CD5738B3D713}.Release|Any CPU.ActiveCfg = Release|Any CPU
		{EBA056FB-B670-4028-994C-CD5738B3D713}.Release|Any CPU.Build.0 = Release|Any CPU
	EndGlobalSection
	GlobalSection(SolutionProperties) = preSolution
		HideSolutionNode = FALSE
	EndGlobalSection
	GlobalSection(ExtensibilityGlobals) = postSolution
		SolutionGuid = {54524BFA-90DB-4D4C-ACBF-233D8E00916F}
	EndGlobalSection
EndGlobal
